
Microsoft Visual Studio Solution File, Format Version 12.00
# Visual Studio 15
VisualStudioVersion = 15.0.28307.1500
MinimumVisualStudioVersion = 10.0.40219.1
Project("{FAE04EC0-301F-11D3-BF4B-00C04F79EFBC}") = "Exer_Resolvido_Heranca_2", "Exer_Resolvido_Heranca_2\Exer_Resolvido_Heranca_2.csproj", "{F00BD040-FA97-4397-9D12-79A4451DDAA2}"
EndProject
Global
	GlobalSection(SolutionConfigurationPlatforms) = preSolution
		Debug|Any CPU = Debug|Any CPU
		Release|Any CPU = Release|Any CPU
	EndGlobalSection
	GlobalSection(ProjectConfigurationPlatforms) = postSolution
		{F00BD040-FA97-4397-9D12-79A4451DDAA2}.Debug|Any CPU.ActiveCfg = Debug|Any CPU
		{F00BD040-FA97-4397-9D12-79A4451DDAA2}.Debug|Any CPU.Build.0 = Debug|Any CPU
		{F00BD040-FA97-4397-9D12-79A4451DDAA2}.Release|Any CPU.ActiveCfg = Release|Any CPU
		{F00BD040-FA97-4397-9D12-79A4451DDAA2}.Release|Any CPU.Build.0 = Release|Any CPU
	EndGlobalSection
	GlobalSection(SolutionProperties) = preSolution
		HideSolutionNode = FALSE
	EndGlobalSection
	GlobalSection(ExtensibilityGlobals) = postSolution
		SolutionGuid = {1AFDFD89-2A6D-449B-B027-20BAAA2B2450}
	EndGlobalSection
EndGlobal
